# This file is automatically @generated by Cargo.
# It is not intended for manual editing.
version = 4

[[package]]
name = "bp-agent"
version = "0.1.0"

[[package]]
name = "bp-cdp"
version = "0.1.0"

[[package]]
name = "bp-cli"
version = "0.1.0"

[[package]]
name = "bp-core"
version = "0.1.0"
dependencies = [
 "smallvec",
]

[[package]]
name = "bp-ipc"
version = "0.1.0"

[[package]]
name = "bp-mcp"
version = "0.1.0"

[[package]]
name = "bp-native"
version = "0.1.0"

[[package]]
name = "bp-sandbox"
version = "0.1.0"

[[package]]
name = "bp-tui"
version = "0.1.0"

[[package]]
name = "smallvec"
version = "1.15.2"
source = "registry+https://github.com/rust-lang/crates.io-index"
checksum = "8ed6a63f02c8539c91a8685a86f4099661ba3da017932f6ebbea6de3f0fa7c90"
